
Microsoft Visual Studio Solution File, Format Version 12.00
# Visual Studio Version 16
VisualStudioVersion = 16.0.30907.101
MinimumVisualStudioVersion = 10.0.40219.1
Project("{FAE04EC0-301F-11D3-BF4B-00C04F79EFBC}") = "Assign1", "Assign1\Assign1.csproj", "{2A50D5EA-4288-453A-AEE0-0E3FB04278FE}"
EndProject
Global
	GlobalSection(SolutionConfigurationPlatforms) = preSolution
		Debug|Any CPU = Debug|Any CPU
		Release|Any CPU = Release|Any CPU
	EndGlobalSection
	GlobalSection(ProjectConfigurationPlatforms) = postSolution
		{2A50D5EA-4288-453A-AEE0-0E3FB04278FE}.Debug|Any CPU.ActiveCfg = Debug|Any CPU
		{2A50D5EA-4288-453A-AEE0-0E3FB04278FE}.Debug|Any CPU.Build.0 = Debug|Any CPU
		{2A50D5EA-4288-453A-AEE0-0E3FB04278FE}.Release|Any CPU.ActiveCfg = Release|Any CPU
		{2A50D5EA-4288-453A-AEE0-0E3FB04278FE}.Release|Any CPU.Build.0 = Release|Any CPU
	EndGlobalSection
	GlobalSection(SolutionProperties) = preSolution
		HideSolutionNode = FALSE
	EndGlobalSection
	GlobalSection(ExtensibilityGlobals) = postSolution
		SolutionGuid = {002325F0-C481-4EA1-A511-4DEC672C7D72}
	EndGlobalSection
EndGlobal
